
Microsoft Visual Studio Solution File, Format Version 12.00
# Visual Studio Version 16
VisualStudioVersion = 16.0.29905.134
MinimumVisualStudioVersion = 10.0.40219.1
Project("{FAE04EC0-301F-11D3-BF4B-00C04F79EFBC}") = "HandicapCalc", "HandicapCalc\HandicapCalc.csproj", "{50BE906B-AD57-4147-B076-6732D5BE41C0}"
EndProject
Global
	GlobalSection(SolutionConfigurationPlatforms) = preSolution
		Debug|Any CPU = Debug|Any CPU
		Release|Any CPU = Release|Any CPU
	EndGlobalSection
	GlobalSection(ProjectConfigurationPlatforms) = postSolution
		{50BE906B-AD57-4147-B076-6732D5BE41C0}.Debug|Any CPU.ActiveCfg = Debug|Any CPU
		{50BE906B-AD57-4147-B076-6732D5BE41C0}.Debug|Any CPU.Build.0 = Debug|Any CPU
		{50BE906B-AD57-4147-B076-6732D5BE41C0}.Release|Any CPU.ActiveCfg = Release|Any CPU
		{50BE906B-AD57-4147-B076-6732D5BE41C0}.Release|Any CPU.Build.0 = Release|Any CPU
	EndGlobalSection
	GlobalSection(SolutionProperties) = preSolution
		HideSolutionNode = FALSE
	EndGlobalSection
	GlobalSection(ExtensibilityGlobals) = postSolution
		SolutionGuid = {CCCE3216-1387-4076-A7D4-195B280E0602}
	EndGlobalSection
EndGlobal
